// !$*UTF8*$!
{
	archiveVersion = 1;
	classes = {
	};
	objectVersion = 56;
	objects = {

/* Begin PBXBuildFile section */
		D7025DD52B9DF4FC00EBD2C0 /* CoinError.swift in Sources */ = {isa = PBXBuildFile; fileRef = D7025DD42B9DF4FC00EBD2C0 /* CoinError.swift */; };
		D7025DD72BA3805B00EBD2C0 /* HTTP.swift in Sources */ = {isa = PBXBuildFile; fileRef = D7025DD62BA3805B00EBD2C0 /* HTTP.swift */; };
		D7025DD92BA382D000EBD2C0 /* Endpoint.swift in Sources */ = {isa = PBXBuildFile; fileRef = D7025DD82BA382D000EBD2C0 /* Endpoint.swift */; };
		D719E9132BC5C85000025218 /* HomeControllerViewModel.swift in Sources */ = {isa = PBXBuildFile; fileRef = D719E9122BC5C85000025218 /* HomeControllerViewModel.swift */; };
		D79F80E22B7E3D4F00570395 /* AppDelegate.swift in Sources */ = {isa = PBXBuildFile; fileRef = D79F80E12B7E3D4F00570395 /* AppDelegate.swift */; };
		D79F80E42B7E3D4F00570395 /* SceneDelegate.swift in Sources */ = {isa = PBXBuildFile; fileRef = D79F80E32B7E3D4F00570395 /* SceneDelegate.swift */; };
		D79F80E62B7E3D4F00570395 /* HomeController.swift in Sources */ = {isa = PBXBuildFile; fileRef = D79F80E52B7E3D4F00570395 /* HomeController.swift */; };
		D79F80EB2B7E3D5000570395 /* Assets.xcassets in Resources */ = {isa = PBXBuildFile; fileRef = D79F80EA2B7E3D5000570395 /* Assets.xcassets */; };
		D79F80EE2B7E3D5000570395 /* LaunchScreen.storyboard in Resources */ = {isa = PBXBuildFile; fileRef = D79F80EC2B7E3D5000570395 /* LaunchScreen.storyboard */; };
		D79F80FC2B7E3FDE00570395 /* Constants.swift in Sources */ = {isa = PBXBuildFile; fileRef = D79F80FB2B7E3FDE00570395 /* Constants.swift */; };
		D79F81022B88DABA00570395 /* Coin.swift in Sources */ = {isa = PBXBuildFile; fileRef = D79F81012B88DABA00570395 /* Coin.swift */; };
		D79F81242B8B80C200570395 /* CoinCell.swift in Sources */ = {isa = PBXBuildFile; fileRef = D79F81232B8B80C200570395 /* CoinCell.swift */; };
		D7AA59D82B8E7BBA00DAF4CE /* ViewCryptoController.swift in Sources */ = {isa = PBXBuildFile; fileRef = D7AA59D72B8E7BBA00DAF4CE /* ViewCryptoController.swift */; };
		D7AA59DA2B8F2DC100DAF4CE /* ViewCryptoControllerViewModel.swift in Sources */ = {isa = PBXBuildFile; fileRef = D7AA59D92B8F2DC100DAF4CE /* ViewCryptoControllerViewModel.swift */; };
		D7D048F32BAA0CC6003F6C42 /* CoinService.swift in Sources */ = {isa = PBXBuildFile; fileRef = D7D048F22BAA0CC6003F6C42 /* CoinService.swift */; };
/* End PBXBuildFile section */

/* Begin PBXFileReference section */
		D7025DD42B9DF4FC00EBD2C0 /* CoinError.swift */ = {isa = PBXFileReference; lastKnownFileType = sourcecode.swift; path = CoinError.swift; sourceTree = "<group>"; };
		D7025DD62BA3805B00EBD2C0 /* HTTP.swift */ = {isa = PBXFileReference; lastKnownFileType = sourcecode.swift; path = HTTP.swift; sourceTree = "<group>"; };
		D7025DD82BA382D000EBD2C0 /* Endpoint.swift */ = {isa = PBXFileReference; lastKnownFileType = sourcecode.swift; path = Endpoint.swift; sourceTree = "<group>"; };
		D719E9122BC5C85000025218 /* HomeControllerViewModel.swift */ = {isa = PBXFileReference; lastKnownFileType = sourcecode.swift; path = HomeControllerViewModel.swift; sourceTree = "<group>"; };
		D79F80DE2B7E3D4F00570395 /* FetchingAPIData.app */ = {isa = PBXFileReference; explicitFileType = wrapper.application; includeInIndex = 0; path = FetchingAPIData.app; sourceTree = BUILT_PRODUCTS_DIR; };
		D79F80E12B7E3D4F00570395 /* AppDelegate.swift */ = {isa = PBXFileReference; lastKnownFileType = sourcecode.swift; path = AppDelegate.swift; sourceTree = "<group>"; };
		D79F80E32B7E3D4F00570395 /* SceneDelegate.swift */ = {isa = PBXFileReference; lastKnownFileType = sourcecode.swift; path = SceneDelegate.swift; sourceTree = "<group>"; };
		D79F80E52B7E3D4F00570395 /* HomeController.swift */ = {isa = PBXFileReference; lastKnownFileType = sourcecode.swift; path = HomeController.swift; sourceTree = "<group>"; };
		D79F80EA2B7E3D5000570395 /* Assets.xcassets */ = {isa = PBXFileReference; lastKnownFileType = folder.assetcatalog; path = Assets.xcassets; sourceTree = "<group>"; };
		D79F80ED2B7E3D5000570395 /* Base */ = {isa = PBXFileReference; lastKnownFileType = file.storyboard; name = Base; path = Base.lproj/LaunchScreen.storyboard; sourceTree = "<group>"; };
		D79F80EF2B7E3D5000570395 /* Info.plist */ = {isa = PBXFileReference; lastKnownFileType = text.plist.xml; path = Info.plist; sourceTree = "<group>"; };
		D79F80FB2B7E3FDE00570395 /* Constants.swift */ = {isa = PBXFileReference; lastKnownFileType = sourcecode.swift; path = Constants.swift; sourceTree = "<group>"; };
		D79F81012B88DABA00570395 /* Coin.swift */ = {isa = PBXFileReference; lastKnownFileType = sourcecode.swift; path = Coin.swift; sourceTree = "<group>"; };
		D79F81232B8B80C200570395 /* CoinCell.swift */ = {isa = PBXFileReference; lastKnownFileType = sourcecode.swift; path = CoinCell.swift; sourceTree = "<group>"; };
		D7AA59D72B8E7BBA00DAF4CE /* ViewCryptoController.swift */ = {isa = PBXFileReference; lastKnownFileType = sourcecode.swift; path = ViewCryptoController.swift; sourceTree = "<group>"; };
		D7AA59D92B8F2DC100DAF4CE /* ViewCryptoControllerViewModel.swift */ = {isa = PBXFileReference; lastKnownFileType = sourcecode.swift; path = ViewCryptoControllerViewModel.swift; sourceTree = "<group>"; };
		D7D048F22BAA0CC6003F6C42 /* CoinService.swift */ = {isa = PBXFileReference; lastKnownFileType = sourcecode.swift; path = CoinService.swift; sourceTree = "<group>"; };
/* End PBXFileReference section */

/* Begin PBXFrameworksBuildPhase section */
		D79F80DB2B7E3D4F00570395 /* Frameworks */ = {
			isa = PBXFrameworksBuildPhase;
			buildActionMask = 2147483647;
			files = (
			);
			runOnlyForDeploymentPostprocessing = 0;
		};
/* End PBXFrameworksBuildPhase section */

/* Begin PBXGroup section */
		D79F80D52B7E3D4F00570395 = {
			isa = PBXGroup;
			children = (
				D79F80E02B7E3D4F00570395 /* FetchingAPIData */,
				D79F80DF2B7E3D4F00570395 /* Products */,
			);
			sourceTree = "<group>";
		};
		D79F80DF2B7E3D4F00570395 /* Products */ = {
			isa = PBXGroup;
			children = (
				D79F80DE2B7E3D4F00570395 /* FetchingAPIData.app */,
			);
			name = Products;
			sourceTree = "<group>";
		};
		D79F80E02B7E3D4F00570395 /* FetchingAPIData */ = {
			isa = PBXGroup;
			children = (
				D79F80F52B7E3E8700570395 /* API */,
				D79F80F62B7E3E9300570395 /* Models */,
				D79F80F72B7E3E9900570395 /* ViewModels */,
				D79F80F82B7E3EAC00570395 /* Views */,
				D79F80FA2B7E3EDC00570395 /* Controllers */,
				D79F80F92B7E3EB800570395 /* Supporting */,
				D79F80EF2B7E3D5000570395 /* Info.plist */,
			);
			path = FetchingAPIData;
			sourceTree = "<group>";
		};
		D79F80F52B7E3E8700570395 /* API */ = {
			isa = PBXGroup;
			children = (
				D7025DD62BA3805B00EBD2C0 /* HTTP.swift */,
				D7025DD82BA382D000EBD2C0 /* Endpoint.swift */,
				D7D048F22BAA0CC6003F6C42 /* CoinService.swift */,
			);
			path = API;
			sourceTree = "<group>";
		};
		D79F80F62B7E3E9300570395 /* Models */ = {
			isa = PBXGroup;
			children = (
				D79F81012B88DABA00570395 /* Coin.swift */,
				D7025DD42B9DF4FC00EBD2C0 /* CoinError.swift */,
			);
			path = Models;
			sourceTree = "<group>";
		};
		D79F80F72B7E3E9900570395 /* ViewModels */ = {
			isa = PBXGroup;
			children = (
				D7AA59D92B8F2DC100DAF4CE /* ViewCryptoControllerViewModel.swift */,
				D719E9122BC5C85000025218 /* HomeControllerViewModel.swift */,
			);
			path = ViewModels;
			sourceTree = "<group>";
		};
		D79F80F82B7E3EAC00570395 /* Views */ = {
			isa = PBXGroup;
			children = (
				D79F81232B8B80C200570395 /* CoinCell.swift */,
			);
			path = Views;
			sourceTree = "<group>";
		};
		D79F80F92B7E3EB800570395 /* Supporting */ = {
			isa = PBXGroup;
			children = (
				D79F80E12B7E3D4F00570395 /* AppDelegate.swift */,
				D79F80E32B7E3D4F00570395 /* SceneDelegate.swift */,
				D79F80EA2B7E3D5000570395 /* Assets.xcassets */,
				D79F80EC2B7E3D5000570395 /* LaunchScreen.storyboard */,
				D79F80FB2B7E3FDE00570395 /* Constants.swift */,
			);
			path = Supporting;
			sourceTree = "<group>";
		};
		D79F80FA2B7E3EDC00570395 /* Controllers */ = {
			isa = PBXGroup;
			children = (
				D79F80E52B7E3D4F00570395 /* HomeController.swift */,
				D7AA59D72B8E7BBA00DAF4CE /* ViewCryptoController.swift */,
			);
			path = Controllers;
			sourceTree = "<group>";
		};
/* End PBXGroup section */

/* Begin PBXNativeTarget section */
		D79F80DD2B7E3D4F00570395 /* FetchingAPIData */ = {
			isa = PBXNativeTarget;
			buildConfigurationList = D79F80F22B7E3D5000570395 /* Build configuration list for PBXNativeTarget "FetchingAPIData" */;
			buildPhases = (
				D79F80DA2B7E3D4F00570395 /* Sources */,
				D79F80DB2B7E3D4F00570395 /* Frameworks */,
				D79F80DC2B7E3D4F00570395 /* Resources */,
			);
			buildRules = (
			);
			dependencies = (
			);
			name = FetchingAPIData;
			productName = FetchingAPIData;
			productReference = D79F80DE2B7E3D4F00570395 /* FetchingAPIData.app */;
			productType = "com.apple.product-type.application";
		};
/* End PBXNativeTarget section */

/* Begin PBXProject section */
		D79F80D62B7E3D4F00570395 /* Project object */ = {
			isa = PBXProject;
			attributes = {
				BuildIndependentTargetsInParallel = 1;
				LastSwiftUpdateCheck = 1500;
				LastUpgradeCheck = 1500;
				TargetAttributes = {
					D79F80DD2B7E3D4F00570395 = {
						CreatedOnToolsVersion = 15.0;
					};
				};
			};
			buildConfigurationList = D79F80D92B7E3D4F00570395 /* Build configuration list for PBXProject "FetchingAPIData" */;
			compatibilityVersion = "Xcode 14.0";
			developmentRegion = en;
			hasScannedForEncodings = 0;
			knownRegions = (
				en,
				Base,
			);
			mainGroup = D79F80D52B7E3D4F00570395;
			productRefGroup = D79F80DF2B7E3D4F00570395 /* Products */;
			projectDirPath = "";
			projectRoot = "";
			targets = (
				D79F80DD2B7E3D4F00570395 /* FetchingAPIData */,
			);
		};
/* End PBXProject section */

/* Begin PBXResourcesBuildPhase section */
		D79F80DC2B7E3D4F00570395 /* Resources */ = {
			isa = PBXResourcesBuildPhase;
			buildActionMask = 2147483647;
			files = (
				D79F80EE2B7E3D5000570395 /* LaunchScreen.storyboard in Resources */,
				D79F80EB2B7E3D5000570395 /* Assets.xcassets in Resources */,
			);
			runOnlyForDeploymentPostprocessing = 0;
		};
/* End PBXResourcesBuildPhase section */

/* Begin PBXSourcesBuildPhase section */
		D79F80DA2B7E3D4F00570395 /* Sources */ = {
			isa = PBXSourcesBuildPhase;
			buildActionMask = 2147483647;
			files = (
				D79F81022B88DABA00570395 /* Coin.swift in Sources */,
				D79F80E62B7E3D4F00570395 /* HomeController.swift in Sources */,
				D7AA59DA2B8F2DC100DAF4CE /* ViewCryptoControllerViewModel.swift in Sources */,
				D79F80E22B7E3D4F00570395 /* AppDelegate.swift in Sources */,
				D7AA59D82B8E7BBA00DAF4CE /* ViewCryptoController.swift in Sources */,
				D7025DD72BA3805B00EBD2C0 /* HTTP.swift in Sources */,
				D7025DD52B9DF4FC00EBD2C0 /* CoinError.swift in Sources */,
				D79F80E42B7E3D4F00570395 /* SceneDelegate.swift in Sources */,
				D719E9132BC5C85000025218 /* HomeControllerViewModel.swift in Sources */,
				D79F81242B8B80C200570395 /* CoinCell.swift in Sources */,
				D7025DD92BA382D000EBD2C0 /* Endpoint.swift in Sources */,
				D7D048F32BAA0CC6003F6C42 /* CoinService.swift in Sources */,
				D79F80FC2B7E3FDE00570395 /* Constants.swift in Sources */,
			);
			runOnlyForDeploymentPostprocessing = 0;
		};
/* End PBXSourcesBuildPhase section */

/* Begin PBXVariantGroup section */
		D79F80EC2B7E3D5000570395 /* LaunchScreen.storyboard */ = {
			isa = PBXVariantGroup;
			children = (
				D79F80ED2B7E3D5000570395 /* Base */,
			);
			name = LaunchScreen.storyboard;
			sourceTree = "<group>";
		};
/* End PBXVariantGroup section */

/* Begin XCBuildConfiguration section */
		D79F80F02B7E3D5000570395 /* Debug */ = {
			isa = XCBuildConfiguration;
			buildSettings = {
				ALWAYS_SEARCH_USER_PATHS = NO;
				ASSETCATALOG_COMPILER_GENERATE_SWIFT_ASSET_SYMBOL_EXTENSIONS = YES;
				CLANG_ANALYZER_NONNULL = YES;
				CLANG_ANALYZER_NUMBER_OBJECT_CONVERSION = YES_AGGRESSIVE;
				CLANG_CXX_LANGUAGE_STANDARD = "gnu++20";
				CLANG_ENABLE_MODULES = YES;
				CLANG_ENABLE_OBJC_ARC = YES;
				CLANG_ENABLE_OBJC_WEAK = YES;
				CLANG_WARN_BLOCK_CAPTURE_AUTORELEASING = YES;
				CLANG_WARN_BOOL_CONVERSION = YES;
				CLANG_WARN_COMMA = YES;
				CLANG_WARN_CONSTANT_CONVERSION = YES;
				CLANG_WARN_DEPRECATED_OBJC_IMPLEMENTATIONS = YES;
				CLANG_WARN_DIRECT_OBJC_ISA_USAGE = YES_ERROR;
				CLANG_WARN_DOCUMENTATION_COMMENTS = YES;
				CLANG_WARN_EMPTY_BODY = YES;
				CLANG_WARN_ENUM_CONVERSION = YES;
				CLANG_WARN_INFINITE_RECURSION = YES;
				CLANG_WARN_INT_CONVERSION = YES;
				CLANG_WARN_NON_LITERAL_NULL_CONVERSION = YES;
				CLANG_WARN_OBJC_IMPLICIT_RETAIN_SELF = YES;
				CLANG_WARN_OBJC_LITERAL_CONVERSION = YES;
				CLANG_WARN_OBJC_ROOT_CLASS = YES_ERROR;
				CLANG_WARN_QUOTED_INCLUDE_IN_FRAMEWORK_HEADER = YES;
				CLANG_WARN_RANGE_LOOP_ANALYSIS = YES;
				CLANG_WARN_STRICT_PROTOTYPES = YES;
				CLANG_WARN_SUSPICIOUS_MOVE = YES;
				CLANG_WARN_UNGUARDED_AVAILABILITY = YES_AGGRESSIVE;
				CLANG_WARN_UNREACHABLE_CODE = YES;
				CLANG_WARN__DUPLICATE_METHOD_MATCH = YES;
				COPY_PHASE_STRIP = NO;
				DEBUG_INFORMATION_FORMAT = dwarf;
				ENABLE_STRICT_OBJC_MSGSEND = YES;
				ENABLE_TESTABILITY = YES;
				ENABLE_USER_SCRIPT_SANDBOXING = YES;
				GCC_C_LANGUAGE_STANDARD = gnu17;
				GCC_DYNAMIC_NO_PIC = NO;
				GCC_NO_COMMON_BLOCKS = YES;
				GCC_OPTIMIZATION_LEVEL = 0;
				GCC_PREPROCESSOR_DEFINITIONS = (
					"DEBUG=1",
					"$(inherited)",
				);
				GCC_WARN_64_TO_32_BIT_CONVERSION = YES;
				GCC_WARN_ABOUT_RETURN_TYPE = YES_ERROR;
				GCC_WARN_UNDECLARED_SELECTOR = YES;
				GCC_WARN_UNINITIALIZED_AUTOS = YES_AGGRESSIVE;
				GCC_WARN_UNUSED_FUNCTION = YES;
				GCC_WARN_UNUSED_VARIABLE = YES;
				IPHONEOS_DEPLOYMENT_TARGET = 13.0;
				LOCALIZATION_PREFERS_STRING_CATALOGS = YES;
				MTL_ENABLE_DEBUG_INFO = INCLUDE_SOURCE;
				MTL_FAST_MATH = YES;
				ONLY_ACTIVE_ARCH = YES;
				SDKROOT = iphoneos;
				SWIFT_ACTIVE_COMPILATION_CONDITIONS = "DEBUG $(inherited)";
				SWIFT_OPTIMIZATION_LEVEL = "-Onone";
			};
			name = Debug;
		};
		D79F80F12B7E3D5000570395 /* Release */ = {
			isa = XCBuildConfiguration;
			buildSettings = {
				ALWAYS_SEARCH_USER_PATHS = NO;
				ASSETCATALOG_COMPILER_GENERATE_SWIFT_ASSET_SYMBOL_EXTENSIONS = YES;
				CLANG_ANALYZER_NONNULL = YES;
				CLANG_ANALYZER_NUMBER_OBJECT_CONVERSION = YES_AGGRESSIVE;
				CLANG_CXX_LANGUAGE_STANDARD = "gnu++20";
				CLANG_ENABLE_MODULES = YES;
				CLANG_ENABLE_OBJC_ARC = YES;
				CLANG_ENABLE_OBJC_WEAK = YES;
				CLANG_WARN_BLOCK_CAPTURE_AUTORELEASING = YES;
				CLANG_WARN_BOOL_CONVERSION = YES;
				CLANG_WARN_COMMA = YES;
				CLANG_WARN_CONSTANT_CONVERSION = YES;
				CLANG_WARN_DEPRECATED_OBJC_IMPLEMENTATIONS = YES;
				CLANG_WARN_DIRECT_OBJC_ISA_USAGE = YES_ERROR;
				CLANG_WARN_DOCUMENTATION_COMMENTS = YES;
				CLANG_WARN_EMPTY_BODY = YES;
				CLANG_WARN_ENUM_CONVERSION = YES;
				CLANG_WARN_INFINITE_RECURSION = YES;
				CLANG_WARN_INT_CONVERSION = YES;
				CLANG_WARN_NON_LITERAL_NULL_CONVERSION = YES;
				CLANG_WARN_OBJC_IMPLICIT_RETAIN_SELF = YES;
				CLANG_WARN_OBJC_LITERAL_CONVERSION = YES;
				CLANG_WARN_OBJC_ROOT_CLASS = YES_ERROR;
				CLANG_WARN_QUOTED_INCLUDE_IN_FRAMEWORK_HEADER = YES;
				CLANG_WARN_RANGE_LOOP_ANALYSIS = YES;
				CLANG_WARN_STRICT_PROTOTYPES = YES;
				CLANG_WARN_SUSPICIOUS_MOVE = YES;
				CLANG_WARN_UNGUARDED_AVAILABILITY = YES_AGGRESSIVE;
				CLANG_WARN_UNREACHABLE_CODE = YES;
				CLANG_WARN__DUPLICATE_METHOD_MATCH = YES;
				COPY_PHASE_STRIP = NO;
				DEBUG_INFORMATION_FORMAT = "dwarf-with-dsym";
				ENABLE_NS_ASSERTIONS = NO;
				ENABLE_STRICT_OBJC_MSGSEND = YES;
				ENABLE_USER_SCRIPT_SANDBOXING = YES;
				GCC_C_LANGUAGE_STANDARD = gnu17;
				GCC_NO_COMMON_BLOCKS = YES;
				GCC_WARN_64_TO_32_BIT_CONVERSION = YES;
				GCC_WARN_ABOUT_RETURN_TYPE = YES_ERROR;
				GCC_WARN_UNDECLARED_SELECTOR = YES;
				GCC_WARN_UNINITIALIZED_AUTOS = YES_AGGRESSIVE;
				GCC_WARN_UNUSED_FUNCTION = YES;
				GCC_WARN_UNUSED_VARIABLE = YES;
				IPHONEOS_DEPLOYMENT_TARGET = 13.0;
				LOCALIZATION_PREFERS_STRING_CATALOGS = YES;
				MTL_ENABLE_DEBUG_INFO = NO;
				MTL_FAST_MATH = YES;
				SDKROOT = iphoneos;
				SWIFT_COMPILATION_MODE = wholemodule;
				VALIDATE_PRODUCT = YES;
			};
			name = Release;
		};
		D79F80F32B7E3D5000570395 /* Debug */ = {
			isa = XCBuildConfiguration;
			buildSettings = {
				ASSETCATALOG_COMPILER_APPICON_NAME = AppIcon;
				ASSETCATALOG_COMPILER_GLOBAL_ACCENT_COLOR_NAME = AccentColor;
				CODE_SIGN_STYLE = Automatic;
				CURRENT_PROJECT_VERSION = 1;
				DEVELOPMENT_TEAM = 5S4TMVFBL9;
				GENERATE_INFOPLIST_FILE = YES;
				INFOPLIST_FILE = FetchingAPIData/Info.plist;
				INFOPLIST_KEY_LSApplicationCategoryType = "";
				INFOPLIST_KEY_UIApplicationSupportsIndirectInputEvents = YES;
				INFOPLIST_KEY_UILaunchStoryboardName = LaunchScreen;
				INFOPLIST_KEY_UISupportedInterfaceOrientations_iPad = "UIInterfaceOrientationPortrait UIInterfaceOrientationPortraitUpsideDown UIInterfaceOrientationLandscapeLeft UIInterfaceOrientationLandscapeRight";
				INFOPLIST_KEY_UISupportedInterfaceOrientations_iPhone = "UIInterfaceOrientationPortrait UIInterfaceOrientationLandscapeLeft UIInterfaceOrientationLandscapeRight";
				IPHONEOS_DEPLOYMENT_TARGET = 13.0;
				LD_RUNPATH_SEARCH_PATHS = (
					"$(inherited)",
					"@executable_path/Frameworks",
				);
				MARKETING_VERSION = 1.0;
				PRODUCT_BUNDLE_IDENTIFIER = vailed.FetchingAPIData;
				PRODUCT_NAME = "$(TARGET_NAME)";
				SWIFT_EMIT_LOC_STRINGS = YES;
				SWIFT_VERSION = 5.0;
				TARGETED_DEVICE_FAMILY = "1,2";
			};
			name = Debug;
		};
		D79F80F42B7E3D5000570395 /* Release */ = {
			isa = XCBuildConfiguration;
			buildSettings = {
				ASSETCATALOG_COMPILER_APPICON_NAME = AppIcon;
				ASSETCATALOG_COMPILER_GLOBAL_ACCENT_COLOR_NAME = AccentColor;
				CODE_SIGN_STYLE = Automatic;
				CURRENT_PROJECT_VERSION = 1;
				DEVELOPMENT_TEAM = 5S4TMVFBL9;
				GENERATE_INFOPLIST_FILE = YES;
				INFOPLIST_FILE = FetchingAPIData/Info.plist;
				INFOPLIST_KEY_LSApplicationCategoryType = "";
				INFOPLIST_KEY_UIApplicationSupportsIndirectInputEvents = YES;
				INFOPLIST_KEY_UILaunchStoryboardName = LaunchScreen;
				INFOPLIST_KEY_UISupportedInterfaceOrientations_iPad = "UIInterfaceOrientationPortrait UIInterfaceOrientationPortraitUpsideDown UIInterfaceOrientationLandscapeLeft UIInterfaceOrientationLandscapeRight";
				INFOPLIST_KEY_UISupportedInterfaceOrientations_iPhone = "UIInterfaceOrientationPortrait UIInterfaceOrientationLandscapeLeft UIInterfaceOrientationLandscapeRight";
				IPHONEOS_DEPLOYMENT_TARGET = 13.0;
				LD_RUNPATH_SEARCH_PATHS = (
					"$(inherited)",
					"@executable_path/Frameworks",
				);
				MARKETING_VERSION = 1.0;
				PRODUCT_BUNDLE_IDENTIFIER = vailed.FetchingAPIData;
				PRODUCT_NAME = "$(TARGET_NAME)";
				SWIFT_EMIT_LOC_STRINGS = YES;
				SWIFT_VERSION = 5.0;
				TARGETED_DEVICE_FAMILY = "1,2";
			};
			name = Release;
		};
/* End XCBuildConfiguration section */

/* Begin XCConfigurationList section */
		D79F80D92B7E3D4F00570395 /* Build configuration list for PBXProject "FetchingAPIData" */ = {
			isa = XCConfigurationList;
			buildConfigurations = (
				D79F80F02B7E3D5000570395 /* Debug */,
				D79F80F12B7E3D5000570395 /* Release */,
			);
			defaultConfigurationIsVisible = 0;
			defaultConfigurationName = Release;
		};
		D79F80F22B7E3D5000570395 /* Build configuration list for PBXNativeTarget "FetchingAPIData" */ = {
			isa = XCConfigurationList;
			buildConfigurations = (
				D79F80F32B7E3D5000570395 /* Debug */,
				D79F80F42B7E3D5000570395 /* Release */,
			);
			defaultConfigurationIsVisible = 0;
			defaultConfigurationName = Release;
		};
/* End XCConfigurationList section */
	};
	rootObject = D79F80D62B7E3D4F00570395 /* Project object */;
}
